# This file is automatically @generated by Cargo.
# It is not intended for manual editing.
version = 4

[[package]]
name = "as_repr"
version = "1.7.0"
dependencies = [
 "as_repr-core 1.6.0",
 "as_repr-derive 1.6.0",
]

[[package]]
name = "as_repr-core"
version = "1.6.0"
source = "registry+https://github.com/rust-lang/crates.io-index"
checksum = "6b3f67344303b7c0716951b91b4e74aacfc2d32606a6546a9fcb6a158f823833"

[[package]]
name = "as_repr-core"
version = "1.7.0"

[[package]]
name = "as_repr-derive"
version = "1.6.0"
source = "registry+https://github.com/rust-lang/crates.io-index"
checksum = "91e8bc60cec93aeadc0f96c746dee411c8547c65fd088009d8bff4e74971ff78"

[[package]]
name = "as_repr-derive"
version = "1.7.0"
